// !$*UTF8*$!
{
	archiveVersion = 1;
	classes = {
	};
	objectVersion = 56;
	objects = {

/* Begin PBXBuildFile section */
		5D088A4E2A6FE60E006545A1 /* AppDelegate.swift in Sources */ = {isa = PBXBuildFile; fileRef = 5D088A4D2A6FE60E006545A1 /* AppDelegate.swift */; };
		5D088A502A6FE60E006545A1 /* SceneDelegate.swift in Sources */ = {isa = PBXBuildFile; fileRef = 5D088A4F2A6FE60E006545A1 /* SceneDelegate.swift */; };
		5D088A572A6FE60F006545A1 /* Assets.xcassets in Resources */ = {isa = PBXBuildFile; fileRef = 5D088A562A6FE60F006545A1 /* Assets.xcassets */; };
		5D088A5A2A6FE60F006545A1 /* LaunchScreen.storyboard in Resources */ = {isa = PBXBuildFile; fileRef = 5D088A582A6FE60F006545A1 /* LaunchScreen.storyboard */; };
		5D088A652A6FE60F006545A1 /* CryptopiaTests.swift in Sources */ = {isa = PBXBuildFile; fileRef = 5D088A642A6FE60F006545A1 /* CryptopiaTests.swift */; };
		5D088A6F2A6FE60F006545A1 /* CryptopiaUITests.swift in Sources */ = {isa = PBXBuildFile; fileRef = 5D088A6E2A6FE60F006545A1 /* CryptopiaUITests.swift */; };
		5D088A712A6FE60F006545A1 /* CryptopiaUITestsLaunchTests.swift in Sources */ = {isa = PBXBuildFile; fileRef = 5D088A702A6FE60F006545A1 /* CryptopiaUITestsLaunchTests.swift */; };
		5D088AAC2A6FE71A006545A1 /* CryptopiaAPI.framework in Frameworks */ = {isa = PBXBuildFile; fileRef = 5D088AA82A6FE6F5006545A1 /* CryptopiaAPI.framework */; };
		5D088AAD2A6FE71A006545A1 /* CryptopiaAPI.framework in Embed Frameworks */ = {isa = PBXBuildFile; fileRef = 5D088AA82A6FE6F5006545A1 /* CryptopiaAPI.framework */; settings = {ATTRIBUTES = (CodeSignOnCopy, RemoveHeadersOnCopy, ); }; };
		5D088ABC2A7120AA006545A1 /* Result.swift in Sources */ = {isa = PBXBuildFile; fileRef = 5D088ABB2A7120AA006545A1 /* Result.swift */; };
		5D088ABE2A7120EC006545A1 /* CryptopiaViewModel.swift in Sources */ = {isa = PBXBuildFile; fileRef = 5D088ABD2A7120EC006545A1 /* CryptopiaViewModel.swift */; };
		5D088AC02A712205006545A1 /* CoinsPresentation.swift in Sources */ = {isa = PBXBuildFile; fileRef = 5D088ABF2A712205006545A1 /* CoinsPresentation.swift */; };
		5D088AC42A713016006545A1 /* CryptopiaContracts.swift in Sources */ = {isa = PBXBuildFile; fileRef = 5D088AC32A713016006545A1 /* CryptopiaContracts.swift */; };
		5D088AD02A713425006545A1 /* CryptopiaTableViewCell.swift in Sources */ = {isa = PBXBuildFile; fileRef = 5D088ACF2A713425006545A1 /* CryptopiaTableViewCell.swift */; };
		5D088B192A7408B0006545A1 /* Cyriptopia.png in Resources */ = {isa = PBXBuildFile; fileRef = 5D088B162A7408B0006545A1 /* Cyriptopia.png */; };
		5D2913742A77DCDE00B0621B /* Kingfisher in Frameworks */ = {isa = PBXBuildFile; productRef = 5D2913732A77DCDE00B0621B /* Kingfisher */; };
		5D2913772A77DE0700B0621B /* DGCharts in Frameworks */ = {isa = PBXBuildFile; productRef = 5D2913762A77DE0700B0621B /* DGCharts */; };
		5D3D51242A822ED6008BAFDA /* CryptopiaDetailViewController.swift in Sources */ = {isa = PBXBuildFile; fileRef = 5D3D51222A822ED6008BAFDA /* CryptopiaDetailViewController.swift */; };
		5D3D51252A822ED6008BAFDA /* CryptopiaDetailViewController.xib in Resources */ = {isa = PBXBuildFile; fileRef = 5D3D51232A822ED6008BAFDA /* CryptopiaDetailViewController.xib */; };
		5D3D512A2A837521008BAFDA /* FirebaseAuth in Frameworks */ = {isa = PBXBuildFile; productRef = 5D3D51292A837521008BAFDA /* FirebaseAuth */; };
		5D3D512C2A837521008BAFDA /* FirebaseAuthCombine-Community in Frameworks */ = {isa = PBXBuildFile; productRef = 5D3D512B2A837521008BAFDA /* FirebaseAuthCombine-Community */; };
		5D3D51332A837903008BAFDA /* LoginViewController.swift in Sources */ = {isa = PBXBuildFile; fileRef = 5D3D51312A837903008BAFDA /* LoginViewController.swift */; };
		5D3D51342A837903008BAFDA /* LoginViewController.xib in Resources */ = {isa = PBXBuildFile; fileRef = 5D3D51322A837903008BAFDA /* LoginViewController.xib */; };
		5D3D51362A83791A008BAFDA /* LoginViewModel.swift in Sources */ = {isa = PBXBuildFile; fileRef = 5D3D51352A83791A008BAFDA /* LoginViewModel.swift */; };
		5D3D513A2A83908D008BAFDA /* GoogleService-Info.plist in Resources */ = {isa = PBXBuildFile; fileRef = 5D3D51392A83908D008BAFDA /* GoogleService-Info.plist */; };
		5D3D513D2A83AF7A008BAFDA /* Onboarding.swift in Sources */ = {isa = PBXBuildFile; fileRef = 5D3D513C2A83AF7A008BAFDA /* Onboarding.swift */; };
		5D3D51402A83AFD8008BAFDA /* OnboardingViewModel.swift in Sources */ = {isa = PBXBuildFile; fileRef = 5D3D513F2A83AFD8008BAFDA /* OnboardingViewModel.swift */; };
		5D3D51432A83B077008BAFDA /* OnboardingList.json in Resources */ = {isa = PBXBuildFile; fileRef = 5D3D51422A83B077008BAFDA /* OnboardingList.json */; };
		5DB5364A2A80FB0E0014831D /* CryptopiaTableViewCell.xib in Resources */ = {isa = PBXBuildFile; fileRef = 5DB536492A80FB0E0014831D /* CryptopiaTableViewCell.xib */; };
		5DB536512A8100150014831D /* CryptoListViewController.swift in Sources */ = {isa = PBXBuildFile; fileRef = 5DB5364F2A8100150014831D /* CryptoListViewController.swift */; };
		5DB536522A8100150014831D /* CryptoListViewController.xib in Resources */ = {isa = PBXBuildFile; fileRef = 5DB536502A8100150014831D /* CryptoListViewController.xib */; };
		5DB536642A8102B00014831D /* CryptopiaDetailViewModel.swift in Sources */ = {isa = PBXBuildFile; fileRef = 5DB536572A8102B00014831D /* CryptopiaDetailViewModel.swift */; };
		5DB536662A8102B00014831D /* DateValueFormatter.swift in Sources */ = {isa = PBXBuildFile; fileRef = 5DB536592A8102B00014831D /* DateValueFormatter.swift */; };
		5DB536672A8102B00014831D /* CryptopiaDetailContracts.swift in Sources */ = {isa = PBXBuildFile; fileRef = 5DB5365A2A8102B00014831D /* CryptopiaDetailContracts.swift */; };
		5DB536692A8102B00014831D /* OnBoardingViewController.xib in Resources */ = {isa = PBXBuildFile; fileRef = 5DB5365D2A8102B00014831D /* OnBoardingViewController.xib */; };
		5DB5366A2A8102B00014831D /* OnBoardingViewController.swift in Sources */ = {isa = PBXBuildFile; fileRef = 5DB5365E2A8102B00014831D /* OnBoardingViewController.swift */; };
		5DB5366B2A8102B00014831D /* SlideView.swift in Sources */ = {isa = PBXBuildFile; fileRef = 5DB536602A8102B00014831D /* SlideView.swift */; };
		5DB5366C2A8102B00014831D /* SlideView.xib in Resources */ = {isa = PBXBuildFile; fileRef = 5DB536612A8102B00014831D /* SlideView.xib */; };
/* End PBXBuildFile section */

/* Begin PBXContainerItemProxy section */
		5D088A612A6FE60F006545A1 /* PBXContainerItemProxy */ = {
			isa = PBXContainerItemProxy;
			containerPortal = 5D088A422A6FE60E006545A1 /* Project object */;
			proxyType = 1;
			remoteGlobalIDString = 5D088A492A6FE60E006545A1;
			remoteInfo = Cryptopia;
		};
		5D088A6B2A6FE60F006545A1 /* PBXContainerItemProxy */ = {
			isa = PBXContainerItemProxy;
			containerPortal = 5D088A422A6FE60E006545A1 /* Project object */;
			proxyType = 1;
			remoteGlobalIDString = 5D088A492A6FE60E006545A1;
			remoteInfo = Cryptopia;
		};
		5D088AA72A6FE6F5006545A1 /* PBXContainerItemProxy */ = {
			isa = PBXContainerItemProxy;
			containerPortal = 5D088AA22A6FE6F5006545A1 /* CryptopiaAPI.xcodeproj */;
			proxyType = 2;
			remoteGlobalIDString = 5D088A872A6FE633006545A1;
			remoteInfo = CryptopiaAPI;
		};
		5D088AA92A6FE6F5006545A1 /* PBXContainerItemProxy */ = {
			isa = PBXContainerItemProxy;
			containerPortal = 5D088AA22A6FE6F5006545A1 /* CryptopiaAPI.xcodeproj */;
			proxyType = 2;
			remoteGlobalIDString = 5D088A912A6FE633006545A1;
			remoteInfo = CryptopiaAPITests;
		};
/* End PBXContainerItemProxy section */

/* Begin PBXCopyFilesBuildPhase section */
		5D088AAE2A6FE71A006545A1 /* Embed Frameworks */ = {
			isa = PBXCopyFilesBuildPhase;
			buildActionMask = 2147483647;
			dstPath = "";
			dstSubfolderSpec = 10;
			files = (
				5D088AAD2A6FE71A006545A1 /* CryptopiaAPI.framework in Embed Frameworks */,
			);
			name = "Embed Frameworks";
			runOnlyForDeploymentPostprocessing = 0;
		};
/* End PBXCopyFilesBuildPhase section */

/* Begin PBXFileReference section */
		5D088A4A2A6FE60E006545A1 /* Cryptopia.app */ = {isa = PBXFileReference; explicitFileType = wrapper.application; includeInIndex = 0; path = Cryptopia.app; sourceTree = BUILT_PRODUCTS_DIR; };
		5D088A4D2A6FE60E006545A1 /* AppDelegate.swift */ = {isa = PBXFileReference; lastKnownFileType = sourcecode.swift; path = AppDelegate.swift; sourceTree = "<group>"; };
		5D088A4F2A6FE60E006545A1 /* SceneDelegate.swift */ = {isa = PBXFileReference; lastKnownFileType = sourcecode.swift; path = SceneDelegate.swift; sourceTree = "<group>"; };
		5D088A562A6FE60F006545A1 /* Assets.xcassets */ = {isa = PBXFileReference; lastKnownFileType = folder.assetcatalog; path = Assets.xcassets; sourceTree = "<group>"; };
		5D088A592A6FE60F006545A1 /* Base */ = {isa = PBXFileReference; lastKnownFileType = file.storyboard; name = Base; path = Base.lproj/LaunchScreen.storyboard; sourceTree = "<group>"; };
		5D088A5B2A6FE60F006545A1 /* Info.plist */ = {isa = PBXFileReference; lastKnownFileType = text.plist.xml; path = Info.plist; sourceTree = "<group>"; };
		5D088A602A6FE60F006545A1 /* CryptopiaTests.xctest */ = {isa = PBXFileReference; explicitFileType = wrapper.cfbundle; includeInIndex = 0; path = CryptopiaTests.xctest; sourceTree = BUILT_PRODUCTS_DIR; };
		5D088A642A6FE60F006545A1 /* CryptopiaTests.swift */ = {isa = PBXFileReference; lastKnownFileType = sourcecode.swift; path = CryptopiaTests.swift; sourceTree = "<group>"; };
		5D088A6A2A6FE60F006545A1 /* CryptopiaUITests.xctest */ = {isa = PBXFileReference; explicitFileType = wrapper.cfbundle; includeInIndex = 0; path = CryptopiaUITests.xctest; sourceTree = BUILT_PRODUCTS_DIR; };
		5D088A6E2A6FE60F006545A1 /* CryptopiaUITests.swift */ = {isa = PBXFileReference; lastKnownFileType = sourcecode.swift; path = CryptopiaUITests.swift; sourceTree = "<group>"; };
		5D088A702A6FE60F006545A1 /* CryptopiaUITestsLaunchTests.swift */ = {isa = PBXFileReference; lastKnownFileType = sourcecode.swift; path = CryptopiaUITestsLaunchTests.swift; sourceTree = "<group>"; };
		5D088AA22A6FE6F5006545A1 /* CryptopiaAPI.xcodeproj */ = {isa = PBXFileReference; lastKnownFileType = "wrapper.pb-project"; name = CryptopiaAPI.xcodeproj; path = ../../CryptopiaAPI/CryptopiaAPI.xcodeproj; sourceTree = "<group>"; };
		5D088ABB2A7120AA006545A1 /* Result.swift */ = {isa = PBXFileReference; lastKnownFileType = sourcecode.swift; path = Result.swift; sourceTree = "<group>"; };
		5D088ABD2A7120EC006545A1 /* CryptopiaViewModel.swift */ = {isa = PBXFileReference; lastKnownFileType = sourcecode.swift; path = CryptopiaViewModel.swift; sourceTree = "<group>"; };
		5D088ABF2A712205006545A1 /* CoinsPresentation.swift */ = {isa = PBXFileReference; lastKnownFileType = sourcecode.swift; path = CoinsPresentation.swift; sourceTree = "<group>"; };
		5D088AC32A713016006545A1 /* CryptopiaContracts.swift */ = {isa = PBXFileReference; lastKnownFileType = sourcecode.swift; path = CryptopiaContracts.swift; sourceTree = "<group>"; };
		5D088ACF2A713425006545A1 /* CryptopiaTableViewCell.swift */ = {isa = PBXFileReference; lastKnownFileType = sourcecode.swift; path = CryptopiaTableViewCell.swift; sourceTree = "<group>"; };
		5D088B162A7408B0006545A1 /* Cyriptopia.png */ = {isa = PBXFileReference; lastKnownFileType = image.png; name = Cyriptopia.png; path = ../../../../../../../Downloads/Cyriptopia.png; sourceTree = "<group>"; };
		5D3D51222A822ED6008BAFDA /* CryptopiaDetailViewController.swift */ = {isa = PBXFileReference; lastKnownFileType = sourcecode.swift; path = CryptopiaDetailViewController.swift; sourceTree = "<group>"; };
		5D3D51232A822ED6008BAFDA /* CryptopiaDetailViewController.xib */ = {isa = PBXFileReference; lastKnownFileType = file.xib; path = CryptopiaDetailViewController.xib; sourceTree = "<group>"; };
		5D3D51312A837903008BAFDA /* LoginViewController.swift */ = {isa = PBXFileReference; lastKnownFileType = sourcecode.swift; path = LoginViewController.swift; sourceTree = "<group>"; };
		5D3D51322A837903008BAFDA /* LoginViewController.xib */ = {isa = PBXFileReference; lastKnownFileType = file.xib; path = LoginViewController.xib; sourceTree = "<group>"; };
		5D3D51352A83791A008BAFDA /* LoginViewModel.swift */ = {isa = PBXFileReference; lastKnownFileType = sourcecode.swift; path = LoginViewModel.swift; sourceTree = "<group>"; };
		5D3D51392A83908D008BAFDA /* GoogleService-Info.plist */ = {isa = PBXFileReference; fileEncoding = 4; lastKnownFileType = text.plist.xml; path = "GoogleService-Info.plist"; sourceTree = "<group>"; };
		5D3D513C2A83AF7A008BAFDA /* Onboarding.swift */ = {isa = PBXFileReference; lastKnownFileType = sourcecode.swift; path = Onboarding.swift; sourceTree = "<group>"; };
		5D3D513F2A83AFD8008BAFDA /* OnboardingViewModel.swift */ = {isa = PBXFileReference; lastKnownFileType = sourcecode.swift; path = OnboardingViewModel.swift; sourceTree = "<group>"; };
		5D3D51422A83B077008BAFDA /* OnboardingList.json */ = {isa = PBXFileReference; lastKnownFileType = text.json; path = OnboardingList.json; sourceTree = "<group>"; };
		5DB536492A80FB0E0014831D /* CryptopiaTableViewCell.xib */ = {isa = PBXFileReference; lastKnownFileType = file.xib; path = CryptopiaTableViewCell.xib; sourceTree = "<group>"; };
		5DB5364F2A8100150014831D /* CryptoListViewController.swift */ = {isa = PBXFileReference; lastKnownFileType = sourcecode.swift; path = CryptoListViewController.swift; sourceTree = "<group>"; };
		5DB536502A8100150014831D /* CryptoListViewController.xib */ = {isa = PBXFileReference; lastKnownFileType = file.xib; path = CryptoListViewController.xib; sourceTree = "<group>"; };
		5DB536572A8102B00014831D /* CryptopiaDetailViewModel.swift */ = {isa = PBXFileReference; fileEncoding = 4; lastKnownFileType = sourcecode.swift; path = CryptopiaDetailViewModel.swift; sourceTree = "<group>"; };
		5DB536592A8102B00014831D /* DateValueFormatter.swift */ = {isa = PBXFileReference; fileEncoding = 4; lastKnownFileType = sourcecode.swift; path = DateValueFormatter.swift; sourceTree = "<group>"; };
		5DB5365A2A8102B00014831D /* CryptopiaDetailContracts.swift */ = {isa = PBXFileReference; fileEncoding = 4; lastKnownFileType = sourcecode.swift; path = CryptopiaDetailContracts.swift; sourceTree = "<group>"; };
		5DB5365D2A8102B00014831D /* OnBoardingViewController.xib */ = {isa = PBXFileReference; fileEncoding = 4; lastKnownFileType = file.xib; path = OnBoardingViewController.xib; sourceTree = "<group>"; };
		5DB5365E2A8102B00014831D /* OnBoardingViewController.swift */ = {isa = PBXFileReference; fileEncoding = 4; lastKnownFileType = sourcecode.swift; path = OnBoardingViewController.swift; sourceTree = "<group>"; };
		5DB536602A8102B00014831D /* SlideView.swift */ = {isa = PBXFileReference; fileEncoding = 4; lastKnownFileType = sourcecode.swift; path = SlideView.swift; sourceTree = "<group>"; };
		5DB536612A8102B00014831D /* SlideView.xib */ = {isa = PBXFileReference; fileEncoding = 4; lastKnownFileType = file.xib; path = SlideView.xib; sourceTree = "<group>"; };
/* End PBXFileReference section */

/* Begin PBXFrameworksBuildPhase section */
		5D088A472A6FE60E006545A1 /* Frameworks */ = {
			isa = PBXFrameworksBuildPhase;
			buildActionMask = 2147483647;
			files = (
				5D2913742A77DCDE00B0621B /* Kingfisher in Frameworks */,
				5D2913772A77DE0700B0621B /* DGCharts in Frameworks */,
				5D088AAC2A6FE71A006545A1 /* CryptopiaAPI.framework in Frameworks */,
				5D3D512A2A837521008BAFDA /* FirebaseAuth in Frameworks */,
				5D3D512C2A837521008BAFDA /* FirebaseAuthCombine-Community in Frameworks */,
			);
			runOnlyForDeploymentPostprocessing = 0;
		};
		5D088A5D2A6FE60F006545A1 /* Frameworks */ = {
			isa = PBXFrameworksBuildPhase;
			buildActionMask = 2147483647;
			files = (
			);
			runOnlyForDeploymentPostprocessing = 0;
		};
		5D088A672A6FE60F006545A1 /* Frameworks */ = {
			isa = PBXFrameworksBuildPhase;
			buildActionMask = 2147483647;
			files = (
			);
			runOnlyForDeploymentPostprocessing = 0;
		};
/* End PBXFrameworksBuildPhase section */

/* Begin PBXGroup section */
		5D088A412A6FE60E006545A1 = {
			isa = PBXGroup;
			children = (
				5D3D51392A83908D008BAFDA /* GoogleService-Info.plist */,
				5D088ABA2A712091006545A1 /* New Group */,
				5D088A4C2A6FE60E006545A1 /* Cryptopia */,
				5D088AA12A6FE6DD006545A1 /* Vendor */,
				5D088A632A6FE60F006545A1 /* CryptopiaTests */,
				5D088A6D2A6FE60F006545A1 /* CryptopiaUITests */,
				5D088A4B2A6FE60E006545A1 /* Products */,
				5D088AAB2A6FE71A006545A1 /* Frameworks */,
			);
			sourceTree = "<group>";
		};
		5D088A4B2A6FE60E006545A1 /* Products */ = {
			isa = PBXGroup;
			children = (
				5D088A4A2A6FE60E006545A1 /* Cryptopia.app */,
				5D088A602A6FE60F006545A1 /* CryptopiaTests.xctest */,
				5D088A6A2A6FE60F006545A1 /* CryptopiaUITests.xctest */,
			);
			name = Products;
			sourceTree = "<group>";
		};
		5D088A4C2A6FE60E006545A1 /* Cryptopia */ = {
			isa = PBXGroup;
			children = (
				5DB5366F2A8103390014831D /* App */,
				5DB536532A8102850014831D /* Scenes */,
				5D088B162A7408B0006545A1 /* Cyriptopia.png */,
				5D088A562A6FE60F006545A1 /* Assets.xcassets */,
				5D088A582A6FE60F006545A1 /* LaunchScreen.storyboard */,
				5D088A5B2A6FE60F006545A1 /* Info.plist */,
			);
			path = Cryptopia;
			sourceTree = "<group>";
		};
		5D088A632A6FE60F006545A1 /* CryptopiaTests */ = {
			isa = PBXGroup;
			children = (
				5D088A642A6FE60F006545A1 /* CryptopiaTests.swift */,
			);
			path = CryptopiaTests;
			sourceTree = "<group>";
		};
		5D088A6D2A6FE60F006545A1 /* CryptopiaUITests */ = {
			isa = PBXGroup;
			children = (
				5D088A6E2A6FE60F006545A1 /* CryptopiaUITests.swift */,
				5D088A702A6FE60F006545A1 /* CryptopiaUITestsLaunchTests.swift */,
			);
			path = CryptopiaUITests;
			sourceTree = "<group>";
		};
		5D088AA12A6FE6DD006545A1 /* Vendor */ = {
			isa = PBXGroup;
			children = (
				5D088AA22A6FE6F5006545A1 /* CryptopiaAPI.xcodeproj */,
			);
			path = Vendor;
			sourceTree = "<group>";
		};
		5D088AA32A6FE6F5006545A1 /* Products */ = {
			isa = PBXGroup;
			children = (
				5D088AA82A6FE6F5006545A1 /* CryptopiaAPI.framework */,
				5D088AAA2A6FE6F5006545A1 /* CryptopiaAPITests.xctest */,
			);
			name = Products;
			sourceTree = "<group>";
		};
		5D088AAB2A6FE71A006545A1 /* Frameworks */ = {
			isa = PBXGroup;
			children = (
			);
			name = Frameworks;
			sourceTree = "<group>";
		};
		5D088ABA2A712091006545A1 /* New Group */ = {
			isa = PBXGroup;
			children = (
				5D088ABB2A7120AA006545A1 /* Result.swift */,
				5D088ABF2A712205006545A1 /* CoinsPresentation.swift */,
			);
			path = "New Group";
			sourceTree = "<group>";
		};
		5D3D51302A8378E6008BAFDA /* LoginPage */ = {
			isa = PBXGroup;
			children = (
				5D3D51312A837903008BAFDA /* LoginViewController.swift */,
				5D3D51322A837903008BAFDA /* LoginViewController.xib */,
				5D3D51352A83791A008BAFDA /* LoginViewModel.swift */,
			);
			path = LoginPage;
			sourceTree = "<group>";
		};
		5D3D513B2A83AF62008BAFDA /* Model */ = {
			isa = PBXGroup;
			children = (
				5D3D513C2A83AF7A008BAFDA /* Onboarding.swift */,
			);
			path = Model;
			sourceTree = "<group>";
		};
		5D3D513E2A83AFB9008BAFDA /* ViewModel */ = {
			isa = PBXGroup;
			children = (
				5D3D513F2A83AFD8008BAFDA /* OnboardingViewModel.swift */,
			);
			path = ViewModel;
			sourceTree = "<group>";
		};
		5D3D51412A83B04F008BAFDA /* Data */ = {
			isa = PBXGroup;
			children = (
				5D3D51422A83B077008BAFDA /* OnboardingList.json */,
			);
			path = Data;
			sourceTree = "<group>";
		};
		5DB536532A8102850014831D /* Scenes */ = {
			isa = PBXGroup;
			children = (
				5D3D51302A8378E6008BAFDA /* LoginPage */,
				5DB5366D2A8102B90014831D /* CryptoList */,
				5DB536542A8102B00014831D /* CryptopiaDetail */,
				5DB5365C2A8102B00014831D /* OnBoarding */,
			);
			path = Scenes;
			sourceTree = "<group>";
		};
		5DB536542A8102B00014831D /* CryptopiaDetail */ = {
			isa = PBXGroup;
			children = (
				5DB536572A8102B00014831D /* CryptopiaDetailViewModel.swift */,
				5DB536592A8102B00014831D /* DateValueFormatter.swift */,
				5DB5365A2A8102B00014831D /* CryptopiaDetailContracts.swift */,
				5D3D51222A822ED6008BAFDA /* CryptopiaDetailViewController.swift */,
				5D3D51232A822ED6008BAFDA /* CryptopiaDetailViewController.xib */,
			);
			path = CryptopiaDetail;
			sourceTree = "<group>";
		};
		5DB5365C2A8102B00014831D /* OnBoarding */ = {
			isa = PBXGroup;
			children = (
				5D3D51412A83B04F008BAFDA /* Data */,
				5D3D513E2A83AFB9008BAFDA /* ViewModel */,
				5D3D513B2A83AF62008BAFDA /* Model */,
				5DB5365D2A8102B00014831D /* OnBoardingViewController.xib */,
				5DB5365E2A8102B00014831D /* OnBoardingViewController.swift */,
				5DB5365F2A8102B00014831D /* View */,
			);
			path = OnBoarding;
			sourceTree = "<group>";
		};
		5DB5365F2A8102B00014831D /* View */ = {
			isa = PBXGroup;
			children = (
				5DB536602A8102B00014831D /* SlideView.swift */,
				5DB536612A8102B00014831D /* SlideView.xib */,
			);
			path = View;
			sourceTree = "<group>";
		};
		5DB5366D2A8102B90014831D /* CryptoList */ = {
			isa = PBXGroup;
			children = (
				5DB5366E2A81031E0014831D /* View */,
				5D088ABD2A7120EC006545A1 /* CryptopiaViewModel.swift */,
				5D088AC32A713016006545A1 /* CryptopiaContracts.swift */,
				5DB5364F2A8100150014831D /* CryptoListViewController.swift */,
				5DB536502A8100150014831D /* CryptoListViewController.xib */,
			);
			path = CryptoList;
			sourceTree = "<group>";
		};
		5DB5366E2A81031E0014831D /* View */ = {
			isa = PBXGroup;
			children = (
				5D088ACF2A713425006545A1 /* CryptopiaTableViewCell.swift */,
				5DB536492A80FB0E0014831D /* CryptopiaTableViewCell.xib */,
			);
			path = View;
			sourceTree = "<group>";
		};
		5DB5366F2A8103390014831D /* App */ = {
			isa = PBXGroup;
			children = (
				5D088A4D2A6FE60E006545A1 /* AppDelegate.swift */,
				5D088A4F2A6FE60E006545A1 /* SceneDelegate.swift */,
			);
			path = App;
			sourceTree = "<group>";
		};
/* End PBXGroup section */

/* Begin PBXNativeTarget section */
		5D088A492A6FE60E006545A1 /* Cryptopia */ = {
			isa = PBXNativeTarget;
			buildConfigurationList = 5D088A742A6FE60F006545A1 /* Build configuration list for PBXNativeTarget "Cryptopia" */;
			buildPhases = (
				5D088A462A6FE60E006545A1 /* Sources */,
				5D088A472A6FE60E006545A1 /* Frameworks */,
				5D088A482A6FE60E006545A1 /* Resources */,
				5D088AAE2A6FE71A006545A1 /* Embed Frameworks */,
			);
			buildRules = (
			);
			dependencies = (
			);
			name = Cryptopia;
			packageProductDependencies = (
				5D2913732A77DCDE00B0621B /* Kingfisher */,
				5D2913762A77DE0700B0621B /* DGCharts */,
				5D3D51292A837521008BAFDA /* FirebaseAuth */,
				5D3D512B2A837521008BAFDA /* FirebaseAuthCombine-Community */,
			);
			productName = Cryptopia;
			productReference = 5D088A4A2A6FE60E006545A1 /* Cryptopia.app */;
			productType = "com.apple.product-type.application";
		};
		5D088A5F2A6FE60F006545A1 /* CryptopiaTests */ = {
			isa = PBXNativeTarget;
			buildConfigurationList = 5D088A772A6FE60F006545A1 /* Build configuration list for PBXNativeTarget "CryptopiaTests" */;
			buildPhases = (
				5D088A5C2A6FE60F006545A1 /* Sources */,
				5D088A5D2A6FE60F006545A1 /* Frameworks */,
				5D088A5E2A6FE60F006545A1 /* Resources */,
			);
			buildRules = (
			);
			dependencies = (
				5D088A622A6FE60F006545A1 /* PBXTargetDependency */,
			);
			name = CryptopiaTests;
			productName = CryptopiaTests;
			productReference = 5D088A602A6FE60F006545A1 /* CryptopiaTests.xctest */;
			productType = "com.apple.product-type.bundle.unit-test";
		};
		5D088A692A6FE60F006545A1 /* CryptopiaUITests */ = {
			isa = PBXNativeTarget;
			buildConfigurationList = 5D088A7A2A6FE60F006545A1 /* Build configuration list for PBXNativeTarget "CryptopiaUITests" */;
			buildPhases = (
				5D088A662A6FE60F006545A1 /* Sources */,
				5D088A672A6FE60F006545A1 /* Frameworks */,
				5D088A682A6FE60F006545A1 /* Resources */,
			);
			buildRules = (
			);
			dependencies = (
				5D088A6C2A6FE60F006545A1 /* PBXTargetDependency */,
			);
			name = CryptopiaUITests;
			productName = CryptopiaUITests;
			productReference = 5D088A6A2A6FE60F006545A1 /* CryptopiaUITests.xctest */;
			productType = "com.apple.product-type.bundle.ui-testing";
		};
/* End PBXNativeTarget section */

/* Begin PBXProject section */
		5D088A422A6FE60E006545A1 /* Project object */ = {
			isa = PBXProject;
			attributes = {
				BuildIndependentTargetsInParallel = 1;
				LastSwiftUpdateCheck = 1430;
				LastUpgradeCheck = 1430;
				TargetAttributes = {
					5D088A492A6FE60E006545A1 = {
						CreatedOnToolsVersion = 14.3.1;
					};
					5D088A5F2A6FE60F006545A1 = {
						CreatedOnToolsVersion = 14.3.1;
						TestTargetID = 5D088A492A6FE60E006545A1;
					};
					5D088A692A6FE60F006545A1 = {
						CreatedOnToolsVersion = 14.3.1;
						TestTargetID = 5D088A492A6FE60E006545A1;
					};
				};
			};
			buildConfigurationList = 5D088A452A6FE60E006545A1 /* Build configuration list for PBXProject "Cryptopia" */;
			compatibilityVersion = "Xcode 14.0";
			developmentRegion = en;
			hasScannedForEncodings = 0;
			knownRegions = (
				en,
				Base,
			);
			mainGroup = 5D088A412A6FE60E006545A1;
			packageReferences = (
				5D2913722A77DCDE00B0621B /* XCRemoteSwiftPackageReference "Kingfisher" */,
				5D2913752A77DE0700B0621B /* XCRemoteSwiftPackageReference "Charts" */,
				5D3D51282A837521008BAFDA /* XCRemoteSwiftPackageReference "firebase-ios-sdk" */,
			);
			productRefGroup = 5D088A4B2A6FE60E006545A1 /* Products */;
			projectDirPath = "";
			projectReferences = (
				{
					ProductGroup = 5D088AA32A6FE6F5006545A1 /* Products */;
					ProjectRef = 5D088AA22A6FE6F5006545A1 /* CryptopiaAPI.xcodeproj */;
				},
			);
			projectRoot = "";
			targets = (
				5D088A492A6FE60E006545A1 /* Cryptopia */,
				5D088A5F2A6FE60F006545A1 /* CryptopiaTests */,
				5D088A692A6FE60F006545A1 /* CryptopiaUITests */,
			);
		};
/* End PBXProject section */

/* Begin PBXReferenceProxy section */
		5D088AA82A6FE6F5006545A1 /* CryptopiaAPI.framework */ = {
			isa = PBXReferenceProxy;
			fileType = wrapper.framework;
			path = CryptopiaAPI.framework;
			remoteRef = 5D088AA72A6FE6F5006545A1 /* PBXContainerItemProxy */;
			sourceTree = BUILT_PRODUCTS_DIR;
		};
		5D088AAA2A6FE6F5006545A1 /* CryptopiaAPITests.xctest */ = {
			isa = PBXReferenceProxy;
			fileType = wrapper.cfbundle;
			path = CryptopiaAPITests.xctest;
			remoteRef = 5D088AA92A6FE6F5006545A1 /* PBXContainerItemProxy */;
			sourceTree = BUILT_PRODUCTS_DIR;
		};
/* End PBXReferenceProxy section */

/* Begin PBXResourcesBuildPhase section */
		5D088A482A6FE60E006545A1 /* Resources */ = {
			isa = PBXResourcesBuildPhase;
			buildActionMask = 2147483647;
			files = (
				5D088A5A2A6FE60F006545A1 /* LaunchScreen.storyboard in Resources */,
				5D3D51432A83B077008BAFDA /* OnboardingList.json in Resources */,
				5DB536522A8100150014831D /* CryptoListViewController.xib in Resources */,
				5DB5364A2A80FB0E0014831D /* CryptopiaTableViewCell.xib in Resources */,
				5D088A572A6FE60F006545A1 /* Assets.xcassets in Resources */,
				5D088B192A7408B0006545A1 /* Cyriptopia.png in Resources */,
				5D3D51252A822ED6008BAFDA /* CryptopiaDetailViewController.xib in Resources */,
				5DB536692A8102B00014831D /* OnBoardingViewController.xib in Resources */,
				5D3D513A2A83908D008BAFDA /* GoogleService-Info.plist in Resources */,
				5DB5366C2A8102B00014831D /* SlideView.xib in Resources */,
				5D3D51342A837903008BAFDA /* LoginViewController.xib in Resources */,
			);
			runOnlyForDeploymentPostprocessing = 0;
		};
		5D088A5E2A6FE60F006545A1 /* Resources */ = {
			isa = PBXResourcesBuildPhase;
			buildActionMask = 2147483647;
			files = (
			);
			runOnlyForDeploymentPostprocessing = 0;
		};
		5D088A682A6FE60F006545A1 /* Resources */ = {
			isa = PBXResourcesBuildPhase;
			buildActionMask = 2147483647;
			files = (
			);
			runOnlyForDeploymentPostprocessing = 0;
		};
/* End PBXResourcesBuildPhase section */

/* Begin PBXSourcesBuildPhase section */
		5D088A462A6FE60E006545A1 /* Sources */ = {
			isa = PBXSourcesBuildPhase;
			buildActionMask = 2147483647;
			files = (
				5DB536672A8102B00014831D /* CryptopiaDetailContracts.swift in Sources */,
				5D088AC02A712205006545A1 /* CoinsPresentation.swift in Sources */,
				5DB536642A8102B00014831D /* CryptopiaDetailViewModel.swift in Sources */,
				5D3D51332A837903008BAFDA /* LoginViewController.swift in Sources */,
				5D3D51362A83791A008BAFDA /* LoginViewModel.swift in Sources */,
				5D3D513D2A83AF7A008BAFDA /* Onboarding.swift in Sources */,
				5DB5366B2A8102B00014831D /* SlideView.swift in Sources */,
				5D088A4E2A6FE60E006545A1 /* AppDelegate.swift in Sources */,
				5D088AD02A713425006545A1 /* CryptopiaTableViewCell.swift in Sources */,
				5D088ABC2A7120AA006545A1 /* Result.swift in Sources */,
				5D3D51242A822ED6008BAFDA /* CryptopiaDetailViewController.swift in Sources */,
				5DB536512A8100150014831D /* CryptoListViewController.swift in Sources */,
				5D088A502A6FE60E006545A1 /* SceneDelegate.swift in Sources */,
				5D3D51402A83AFD8008BAFDA /* OnboardingViewModel.swift in Sources */,
				5DB536662A8102B00014831D /* DateValueFormatter.swift in Sources */,
				5D088ABE2A7120EC006545A1 /* CryptopiaViewModel.swift in Sources */,
				5D088AC42A713016006545A1 /* CryptopiaContracts.swift in Sources */,
				5DB5366A2A8102B00014831D /* OnBoardingViewController.swift in Sources */,
			);
			runOnlyForDeploymentPostprocessing = 0;
		};
		5D088A5C2A6FE60F006545A1 /* Sources */ = {
			isa = PBXSourcesBuildPhase;
			buildActionMask = 2147483647;
			files = (
				5D088A652A6FE60F006545A1 /* CryptopiaTests.swift in Sources */,
			);
			runOnlyForDeploymentPostprocessing = 0;
		};
		5D088A662A6FE60F006545A1 /* Sources */ = {
			isa = PBXSourcesBuildPhase;
			buildActionMask = 2147483647;
			files = (
				5D088A712A6FE60F006545A1 /* CryptopiaUITestsLaunchTests.swift in Sources */,
				5D088A6F2A6FE60F006545A1 /* CryptopiaUITests.swift in Sources */,
			);
			runOnlyForDeploymentPostprocessing = 0;
		};
/* End PBXSourcesBuildPhase section */

/* Begin PBXTargetDependency section */
		5D088A622A6FE60F006545A1 /* PBXTargetDependency */ = {
			isa = PBXTargetDependency;
			target = 5D088A492A6FE60E006545A1 /* Cryptopia */;
			targetProxy = 5D088A612A6FE60F006545A1 /* PBXContainerItemProxy */;
		};
		5D088A6C2A6FE60F006545A1 /* PBXTargetDependency */ = {
			isa = PBXTargetDependency;
			target = 5D088A492A6FE60E006545A1 /* Cryptopia */;
			targetProxy = 5D088A6B2A6FE60F006545A1 /* PBXContainerItemProxy */;
		};
/* End PBXTargetDependency section */

/* Begin PBXVariantGroup section */
		5D088A582A6FE60F006545A1 /* LaunchScreen.storyboard */ = {
			isa = PBXVariantGroup;
			children = (
				5D088A592A6FE60F006545A1 /* Base */,
			);
			name = LaunchScreen.storyboard;
			sourceTree = "<group>";
		};
/* End PBXVariantGroup section */

/* Begin XCBuildConfiguration section */
		5D088A722A6FE60F006545A1 /* Debug */ = {
			isa = XCBuildConfiguration;
			buildSettings = {
				ALWAYS_SEARCH_USER_PATHS = NO;
				CLANG_ANALYZER_NONNULL = YES;
				CLANG_ANALYZER_NUMBER_OBJECT_CONVERSION = YES_AGGRESSIVE;
				CLANG_CXX_LANGUAGE_STANDARD = "gnu++20";
				CLANG_ENABLE_MODULES = YES;
				CLANG_ENABLE_OBJC_ARC = YES;
				CLANG_ENABLE_OBJC_WEAK = YES;
				CLANG_WARN_BLOCK_CAPTURE_AUTORELEASING = YES;
				CLANG_WARN_BOOL_CONVERSION = YES;
				CLANG_WARN_COMMA = YES;
				CLANG_WARN_CONSTANT_CONVERSION = YES;
				CLANG_WARN_DEPRECATED_OBJC_IMPLEMENTATIONS = YES;
				CLANG_WARN_DIRECT_OBJC_ISA_USAGE = YES_ERROR;
				CLANG_WARN_DOCUMENTATION_COMMENTS = YES;
				CLANG_WARN_EMPTY_BODY = YES;
				CLANG_WARN_ENUM_CONVERSION = YES;
				CLANG_WARN_INFINITE_RECURSION = YES;
				CLANG_WARN_INT_CONVERSION = YES;
				CLANG_WARN_NON_LITERAL_NULL_CONVERSION = YES;
				CLANG_WARN_OBJC_IMPLICIT_RETAIN_SELF = YES;
				CLANG_WARN_OBJC_LITERAL_CONVERSION = YES;
				CLANG_WARN_OBJC_ROOT_CLASS = YES_ERROR;
				CLANG_WARN_QUOTED_INCLUDE_IN_FRAMEWORK_HEADER = YES;
				CLANG_WARN_RANGE_LOOP_ANALYSIS = YES;
				CLANG_WARN_STRICT_PROTOTYPES = YES;
				CLANG_WARN_SUSPICIOUS_MOVE = YES;
				CLANG_WARN_UNGUARDED_AVAILABILITY = YES_AGGRESSIVE;
				CLANG_WARN_UNREACHABLE_CODE = YES;
				CLANG_WARN__DUPLICATE_METHOD_MATCH = YES;
				COPY_PHASE_STRIP = NO;
				DEBUG_INFORMATION_FORMAT = dwarf;
				ENABLE_STRICT_OBJC_MSGSEND = YES;
				ENABLE_TESTABILITY = YES;
				GCC_C_LANGUAGE_STANDARD = gnu11;
				GCC_DYNAMIC_NO_PIC = NO;
				GCC_NO_COMMON_BLOCKS = YES;
				GCC_OPTIMIZATION_LEVEL = 0;
				GCC_PREPROCESSOR_DEFINITIONS = (
					"DEBUG=1",
					"$(inherited)",
				);
				GCC_WARN_64_TO_32_BIT_CONVERSION = YES;
				GCC_WARN_ABOUT_RETURN_TYPE = YES_ERROR;
				GCC_WARN_UNDECLARED_SELECTOR = YES;
				GCC_WARN_UNINITIALIZED_AUTOS = YES_AGGRESSIVE;
				GCC_WARN_UNUSED_FUNCTION = YES;
				GCC_WARN_UNUSED_VARIABLE = YES;
				IPHONEOS_DEPLOYMENT_TARGET = 16.4;
				MTL_ENABLE_DEBUG_INFO = INCLUDE_SOURCE;
				MTL_FAST_MATH = YES;
				ONLY_ACTIVE_ARCH = YES;
				SDKROOT = iphoneos;
				SWIFT_ACTIVE_COMPILATION_CONDITIONS = DEBUG;
				SWIFT_OPTIMIZATION_LEVEL = "-Onone";
			};
			name = Debug;
		};
		5D088A732A6FE60F006545A1 /* Release */ = {
			isa = XCBuildConfiguration;
			buildSettings = {
				ALWAYS_SEARCH_USER_PATHS = NO;
				CLANG_ANALYZER_NONNULL = YES;
				CLANG_ANALYZER_NUMBER_OBJECT_CONVERSION = YES_AGGRESSIVE;
				CLANG_CXX_LANGUAGE_STANDARD = "gnu++20";
				CLANG_ENABLE_MODULES = YES;
				CLANG_ENABLE_OBJC_ARC = YES;
				CLANG_ENABLE_OBJC_WEAK = YES;
				CLANG_WARN_BLOCK_CAPTURE_AUTORELEASING = YES;
				CLANG_WARN_BOOL_CONVERSION = YES;
				CLANG_WARN_COMMA = YES;
				CLANG_WARN_CONSTANT_CONVERSION = YES;
				CLANG_WARN_DEPRECATED_OBJC_IMPLEMENTATIONS = YES;
				CLANG_WARN_DIRECT_OBJC_ISA_USAGE = YES_ERROR;
				CLANG_WARN_DOCUMENTATION_COMMENTS = YES;
				CLANG_WARN_EMPTY_BODY = YES;
				CLANG_WARN_ENUM_CONVERSION = YES;
				CLANG_WARN_INFINITE_RECURSION = YES;
				CLANG_WARN_INT_CONVERSION = YES;
				CLANG_WARN_NON_LITERAL_NULL_CONVERSION = YES;
				CLANG_WARN_OBJC_IMPLICIT_RETAIN_SELF = YES;
				CLANG_WARN_OBJC_LITERAL_CONVERSION = YES;
				CLANG_WARN_OBJC_ROOT_CLASS = YES_ERROR;
				CLANG_WARN_QUOTED_INCLUDE_IN_FRAMEWORK_HEADER = YES;
				CLANG_WARN_RANGE_LOOP_ANALYSIS = YES;
				CLANG_WARN_STRICT_PROTOTYPES = YES;
				CLANG_WARN_SUSPICIOUS_MOVE = YES;
				CLANG_WARN_UNGUARDED_AVAILABILITY = YES_AGGRESSIVE;
				CLANG_WARN_UNREACHABLE_CODE = YES;
				CLANG_WARN__DUPLICATE_METHOD_MATCH = YES;
				COPY_PHASE_STRIP = NO;
				DEBUG_INFORMATION_FORMAT = "dwarf-with-dsym";
				ENABLE_NS_ASSERTIONS = NO;
				ENABLE_STRICT_OBJC_MSGSEND = YES;
				GCC_C_LANGUAGE_STANDARD = gnu11;
				GCC_NO_COMMON_BLOCKS = YES;
				GCC_WARN_64_TO_32_BIT_CONVERSION = YES;
				GCC_WARN_ABOUT_RETURN_TYPE = YES_ERROR;
				GCC_WARN_UNDECLARED_SELECTOR = YES;
				GCC_WARN_UNINITIALIZED_AUTOS = YES_AGGRESSIVE;
				GCC_WARN_UNUSED_FUNCTION = YES;
				GCC_WARN_UNUSED_VARIABLE = YES;
				IPHONEOS_DEPLOYMENT_TARGET = 16.4;
				MTL_ENABLE_DEBUG_INFO = NO;
				MTL_FAST_MATH = YES;
				SDKROOT = iphoneos;
				SWIFT_COMPILATION_MODE = wholemodule;
				SWIFT_OPTIMIZATION_LEVEL = "-O";
				VALIDATE_PRODUCT = YES;
			};
			name = Release;
		};
		5D088A752A6FE60F006545A1 /* Debug */ = {
			isa = XCBuildConfiguration;
			buildSettings = {
				ASSETCATALOG_COMPILER_APPICON_NAME = AppIcon;
				ASSETCATALOG_COMPILER_GLOBAL_ACCENT_COLOR_NAME = AccentColor;
				CODE_SIGN_STYLE = Automatic;
				CURRENT_PROJECT_VERSION = 1;
				DEVELOPMENT_TEAM = 8N4C467PGQ;
				GENERATE_INFOPLIST_FILE = YES;
				INFOPLIST_FILE = Cryptopia/Info.plist;
				INFOPLIST_KEY_UIApplicationSupportsIndirectInputEvents = YES;
				INFOPLIST_KEY_UILaunchStoryboardName = LaunchScreen;
				INFOPLIST_KEY_UISupportedInterfaceOrientations_iPad = "UIInterfaceOrientationPortrait UIInterfaceOrientationPortraitUpsideDown UIInterfaceOrientationLandscapeLeft UIInterfaceOrientationLandscapeRight";
				INFOPLIST_KEY_UISupportedInterfaceOrientations_iPhone = "UIInterfaceOrientationPortrait UIInterfaceOrientationLandscapeLeft UIInterfaceOrientationLandscapeRight";
				LD_RUNPATH_SEARCH_PATHS = (
					"$(inherited)",
					"@executable_path/Frameworks",
				);
				MARKETING_VERSION = 1.0;
				PRODUCT_BUNDLE_IDENTIFIER = IremOnart.Cryptopia;
				PRODUCT_NAME = "$(TARGET_NAME)";
				SWIFT_EMIT_LOC_STRINGS = YES;
				SWIFT_VERSION = 5.0;
				TARGETED_DEVICE_FAMILY = "1,2";
			};
			name = Debug;
		};
		5D088A762A6FE60F006545A1 /* Release */ = {
			isa = XCBuildConfiguration;
			buildSettings = {
				ASSETCATALOG_COMPILER_APPICON_NAME = AppIcon;
				ASSETCATALOG_COMPILER_GLOBAL_ACCENT_COLOR_NAME = AccentColor;
				CODE_SIGN_STYLE = Automatic;
				CURRENT_PROJECT_VERSION = 1;
				DEVELOPMENT_TEAM = 8N4C467PGQ;
				GENERATE_INFOPLIST_FILE = YES;
				INFOPLIST_FILE = Cryptopia/Info.plist;
				INFOPLIST_KEY_UIApplicationSupportsIndirectInputEvents = YES;
				INFOPLIST_KEY_UILaunchStoryboardName = LaunchScreen;
				INFOPLIST_KEY_UISupportedInterfaceOrientations_iPad = "UIInterfaceOrientationPortrait UIInterfaceOrientationPortraitUpsideDown UIInterfaceOrientationLandscapeLeft UIInterfaceOrientationLandscapeRight";
				INFOPLIST_KEY_UISupportedInterfaceOrientations_iPhone = "UIInterfaceOrientationPortrait UIInterfaceOrientationLandscapeLeft UIInterfaceOrientationLandscapeRight";
				LD_RUNPATH_SEARCH_PATHS = (
					"$(inherited)",
					"@executable_path/Frameworks",
				);
				MARKETING_VERSION = 1.0;
				PRODUCT_BUNDLE_IDENTIFIER = IremOnart.Cryptopia;
				PRODUCT_NAME = "$(TARGET_NAME)";
				SWIFT_EMIT_LOC_STRINGS = YES;
				SWIFT_VERSION = 5.0;
				TARGETED_DEVICE_FAMILY = "1,2";
			};
			name = Release;
		};
		5D088A782A6FE60F006545A1 /* Debug */ = {
			isa = XCBuildConfiguration;
			buildSettings = {
				ALWAYS_EMBED_SWIFT_STANDARD_LIBRARIES = YES;
				BUNDLE_LOADER = "$(TEST_HOST)";
				CODE_SIGN_STYLE = Automatic;
				CURRENT_PROJECT_VERSION = 1;
				GENERATE_INFOPLIST_FILE = YES;
				IPHONEOS_DEPLOYMENT_TARGET = 16.4;
				MARKETING_VERSION = 1.0;
				PRODUCT_BUNDLE_IDENTIFIER = IremOnart.CryptopiaTests;
				PRODUCT_NAME = "$(TARGET_NAME)";
				SWIFT_EMIT_LOC_STRINGS = NO;
				SWIFT_VERSION = 5.0;
				TARGETED_DEVICE_FAMILY = "1,2";
				TEST_HOST = "$(BUILT_PRODUCTS_DIR)/Cryptopia.app/$(BUNDLE_EXECUTABLE_FOLDER_PATH)/Cryptopia";
			};
			name = Debug;
		};
		5D088A792A6FE60F006545A1 /* Release */ = {
			isa = XCBuildConfiguration;
			buildSettings = {
				ALWAYS_EMBED_SWIFT_STANDARD_LIBRARIES = YES;
				BUNDLE_LOADER = "$(TEST_HOST)";
				CODE_SIGN_STYLE = Automatic;
				CURRENT_PROJECT_VERSION = 1;
				GENERATE_INFOPLIST_FILE = YES;
				IPHONEOS_DEPLOYMENT_TARGET = 16.4;
				MARKETING_VERSION = 1.0;
				PRODUCT_BUNDLE_IDENTIFIER = IremOnart.CryptopiaTests;
				PRODUCT_NAME = "$(TARGET_NAME)";
				SWIFT_EMIT_LOC_STRINGS = NO;
				SWIFT_VERSION = 5.0;
				TARGETED_DEVICE_FAMILY = "1,2";
				TEST_HOST = "$(BUILT_PRODUCTS_DIR)/Cryptopia.app/$(BUNDLE_EXECUTABLE_FOLDER_PATH)/Cryptopia";
			};
			name = Release;
		};
		5D088A7B2A6FE60F006545A1 /* Debug */ = {
			isa = XCBuildConfiguration;
			buildSettings = {
				ALWAYS_EMBED_SWIFT_STANDARD_LIBRARIES = YES;
				CODE_SIGN_STYLE = Automatic;
				CURRENT_PROJECT_VERSION = 1;
				GENERATE_INFOPLIST_FILE = YES;
				MARKETING_VERSION = 1.0;
				PRODUCT_BUNDLE_IDENTIFIER = IremOnart.CryptopiaUITests;
				PRODUCT_NAME = "$(TARGET_NAME)";
				SWIFT_EMIT_LOC_STRINGS = NO;
				SWIFT_VERSION = 5.0;
				TARGETED_DEVICE_FAMILY = "1,2";
				TEST_TARGET_NAME = Cryptopia;
			};
			name = Debug;
		};
		5D088A7C2A6FE60F006545A1 /* Release */ = {
			isa = XCBuildConfiguration;
			buildSettings = {
				ALWAYS_EMBED_SWIFT_STANDARD_LIBRARIES = YES;
				CODE_SIGN_STYLE = Automatic;
				CURRENT_PROJECT_VERSION = 1;
				GENERATE_INFOPLIST_FILE = YES;
				MARKETING_VERSION = 1.0;
				PRODUCT_BUNDLE_IDENTIFIER = IremOnart.CryptopiaUITests;
				PRODUCT_NAME = "$(TARGET_NAME)";
				SWIFT_EMIT_LOC_STRINGS = NO;
				SWIFT_VERSION = 5.0;
				TARGETED_DEVICE_FAMILY = "1,2";
				TEST_TARGET_NAME = Cryptopia;
			};
			name = Release;
		};
/* End XCBuildConfiguration section */

/* Begin XCConfigurationList section */
		5D088A452A6FE60E006545A1 /* Build configuration list for PBXProject "Cryptopia" */ = {
			isa = XCConfigurationList;
			buildConfigurations = (
				5D088A722A6FE60F006545A1 /* Debug */,
				5D088A732A6FE60F006545A1 /* Release */,
			);
			defaultConfigurationIsVisible = 0;
			defaultConfigurationName = Release;
		};
		5D088A742A6FE60F006545A1 /* Build configuration list for PBXNativeTarget "Cryptopia" */ = {
			isa = XCConfigurationList;
			buildConfigurations = (
				5D088A752A6FE60F006545A1 /* Debug */,
				5D088A762A6FE60F006545A1 /* Release */,
			);
			defaultConfigurationIsVisible = 0;
			defaultConfigurationName = Release;
		};
		5D088A772A6FE60F006545A1 /* Build configuration list for PBXNativeTarget "CryptopiaTests" */ = {
			isa = XCConfigurationList;
			buildConfigurations = (
				5D088A782A6FE60F006545A1 /* Debug */,
				5D088A792A6FE60F006545A1 /* Release */,
			);
			defaultConfigurationIsVisible = 0;
			defaultConfigurationName = Release;
		};
		5D088A7A2A6FE60F006545A1 /* Build configuration list for PBXNativeTarget "CryptopiaUITests" */ = {
			isa = XCConfigurationList;
			buildConfigurations = (
				5D088A7B2A6FE60F006545A1 /* Debug */,
				5D088A7C2A6FE60F006545A1 /* Release */,
			);
			defaultConfigurationIsVisible = 0;
			defaultConfigurationName = Release;
		};
/* End XCConfigurationList section */

/* Begin XCRemoteSwiftPackageReference section */
		5D2913722A77DCDE00B0621B /* XCRemoteSwiftPackageReference "Kingfisher" */ = {
			isa = XCRemoteSwiftPackageReference;
			repositoryURL = "https://github.com/onevcat/Kingfisher.git";
			requirement = {
				kind = upToNextMajorVersion;
				minimumVersion = 7.0.0;
			};
		};
		5D2913752A77DE0700B0621B /* XCRemoteSwiftPackageReference "Charts" */ = {
			isa = XCRemoteSwiftPackageReference;
			repositoryURL = "https://github.com/danielgindi/Charts.git";
			requirement = {
				kind = upToNextMajorVersion;
				minimumVersion = 5.0.0;
			};
		};
		5D3D51282A837521008BAFDA /* XCRemoteSwiftPackageReference "firebase-ios-sdk" */ = {
			isa = XCRemoteSwiftPackageReference;
			repositoryURL = "https://github.com/firebase/firebase-ios-sdk";
			requirement = {
				kind = upToNextMajorVersion;
				minimumVersion = 10.0.0;
			};
		};
/* End XCRemoteSwiftPackageReference section */

/* Begin XCSwiftPackageProductDependency section */
		5D2913732A77DCDE00B0621B /* Kingfisher */ = {
			isa = XCSwiftPackageProductDependency;
			package = 5D2913722A77DCDE00B0621B /* XCRemoteSwiftPackageReference "Kingfisher" */;
			productName = Kingfisher;
		};
		5D2913762A77DE0700B0621B /* DGCharts */ = {
			isa = XCSwiftPackageProductDependency;
			package = 5D2913752A77DE0700B0621B /* XCRemoteSwiftPackageReference "Charts" */;
			productName = DGCharts;
		};
		5D3D51292A837521008BAFDA /* FirebaseAuth */ = {
			isa = XCSwiftPackageProductDependency;
			package = 5D3D51282A837521008BAFDA /* XCRemoteSwiftPackageReference "firebase-ios-sdk" */;
			productName = FirebaseAuth;
		};
		5D3D512B2A837521008BAFDA /* FirebaseAuthCombine-Community */ = {
			isa = XCSwiftPackageProductDependency;
			package = 5D3D51282A837521008BAFDA /* XCRemoteSwiftPackageReference "firebase-ios-sdk" */;
			productName = "FirebaseAuthCombine-Community";
		};
/* End XCSwiftPackageProductDependency section */
	};
	rootObject = 5D088A422A6FE60E006545A1 /* Project object */;
}
